// !$*UTF8*$!
{
	archiveVersion = 1;
	classes = {
	};
	objectVersion = 46;
	objects = {

/* Begin PBXBuildFile section */
		9337C7731F4F3BEA00230829 /* StyleManager.swift in Sources */ = {isa = PBXBuildFile; fileRef = 9337C7721F4F3BEA00230829 /* StyleManager.swift */; };
		9337C7751F4F3CA400230829 /* UIColor+TheTea.swift in Sources */ = {isa = PBXBuildFile; fileRef = 9337C7741F4F3CA400230829 /* UIColor+TheTea.swift */; };
		9337C7771F4F3F1400230829 /* UIFont+TheTea.swift in Sources */ = {isa = PBXBuildFile; fileRef = 9337C7761F4F3F1400230829 /* UIFont+TheTea.swift */; };
		9337C7841F4F40EE00230829 /* SourceSansPro-Black.otf in Resources */ = {isa = PBXBuildFile; fileRef = 9337C7781F4F40EE00230829 /* SourceSansPro-Black.otf */; };
		9337C7851F4F40EE00230829 /* SourceSansPro-BlackIt.otf in Resources */ = {isa = PBXBuildFile; fileRef = 9337C7791F4F40EE00230829 /* SourceSansPro-BlackIt.otf */; };
		9337C7861F4F40EE00230829 /* SourceSansPro-Bold.otf in Resources */ = {isa = PBXBuildFile; fileRef = 9337C77A1F4F40EE00230829 /* SourceSansPro-Bold.otf */; };
		9337C7871F4F40EE00230829 /* SourceSansPro-BoldIt.otf in Resources */ = {isa = PBXBuildFile; fileRef = 9337C77B1F4F40EE00230829 /* SourceSansPro-BoldIt.otf */; };
		9337C7881F4F40EE00230829 /* SourceSansPro-ExtraLight.otf in Resources */ = {isa = PBXBuildFile; fileRef = 9337C77C1F4F40EE00230829 /* SourceSansPro-ExtraLight.otf */; };
		9337C7891F4F40EE00230829 /* SourceSansPro-ExtraLightIt.otf in Resources */ = {isa = PBXBuildFile; fileRef = 9337C77D1F4F40EE00230829 /* SourceSansPro-ExtraLightIt.otf */; };
		9337C78A1F4F40EE00230829 /* SourceSansPro-It.otf in Resources */ = {isa = PBXBuildFile; fileRef = 9337C77E1F4F40EE00230829 /* SourceSansPro-It.otf */; };
		9337C78B1F4F40EE00230829 /* SourceSansPro-Light.otf in Resources */ = {isa = PBXBuildFile; fileRef = 9337C77F1F4F40EE00230829 /* SourceSansPro-Light.otf */; };
		9337C78C1F4F40EE00230829 /* SourceSansPro-LightIt.otf in Resources */ = {isa = PBXBuildFile; fileRef = 9337C7801F4F40EE00230829 /* SourceSansPro-LightIt.otf */; };
		9337C78D1F4F40EE00230829 /* SourceSansPro-Regular.otf in Resources */ = {isa = PBXBuildFile; fileRef = 9337C7811F4F40EE00230829 /* SourceSansPro-Regular.otf */; };
		9337C78E1F4F40EE00230829 /* SourceSansPro-Semibold.otf in Resources */ = {isa = PBXBuildFile; fileRef = 9337C7821F4F40EE00230829 /* SourceSansPro-Semibold.otf */; };
		9337C78F1F4F40EE00230829 /* SourceSansPro-SemiboldIt.otf in Resources */ = {isa = PBXBuildFile; fileRef = 9337C7831F4F40EE00230829 /* SourceSansPro-SemiboldIt.otf */; };
		9337C7921F4F459A00230829 /* EventListHeaderView.swift in Sources */ = {isa = PBXBuildFile; fileRef = 9337C7911F4F459A00230829 /* EventListHeaderView.swift */; };
		933956E11F43E55200F1AEE4 /* LocationPickerViewController.swift in Sources */ = {isa = PBXBuildFile; fileRef = 933956E01F43E55200F1AEE4 /* LocationPickerViewController.swift */; };
		933956E31F4400EB00F1AEE4 /* EventLocation.swift in Sources */ = {isa = PBXBuildFile; fileRef = 933956E21F4400EB00F1AEE4 /* EventLocation.swift */; };
		933956E71F440EA600F1AEE4 /* MyAccountViewController.swift in Sources */ = {isa = PBXBuildFile; fileRef = 933956E61F440EA600F1AEE4 /* MyAccountViewController.swift */; };
		933956EB1F440EF600F1AEE4 /* LoginViewController.swift in Sources */ = {isa = PBXBuildFile; fileRef = 933956EA1F440EF600F1AEE4 /* LoginViewController.swift */; };
		93399AEE1F40DB5900ED02E9 /* DateStringHelper.swift in Sources */ = {isa = PBXBuildFile; fileRef = 93399AED1F40DB5900ED02E9 /* DateStringHelper.swift */; };
		93399AF01F40DC2300ED02E9 /* EventDetailViewController.swift in Sources */ = {isa = PBXBuildFile; fileRef = 93399AEF1F40DC2300ED02E9 /* EventDetailViewController.swift */; };
		93399AF21F40E0A100ED02E9 /* MemberDataManager.swift in Sources */ = {isa = PBXBuildFile; fileRef = 93399AF11F40E0A100ED02E9 /* MemberDataManager.swift */; };
		935A65921F3EA5B500E979E9 /* Event+TTMethods.swift in Sources */ = {isa = PBXBuildFile; fileRef = 935A65901F3EA5B500E979E9 /* Event+TTMethods.swift */; };
		935A65951F3EA7C700E979E9 /* CoreDataManager.swift in Sources */ = {isa = PBXBuildFile; fileRef = 935A65941F3EA7C700E979E9 /* CoreDataManager.swift */; };
		935A65971F3EAC9400E979E9 /* EventManager.swift in Sources */ = {isa = PBXBuildFile; fileRef = 935A65961F3EAC9400E979E9 /* EventManager.swift */; };
		935A659A1F3EB30E00E979E9 /* EventEditViewController.swift in Sources */ = {isa = PBXBuildFile; fileRef = 935A65991F3EB30E00E979E9 /* EventEditViewController.swift */; };
		9389066A1F3E86D400BBB88C /* AppDelegate.swift in Sources */ = {isa = PBXBuildFile; fileRef = 938906691F3E86D400BBB88C /* AppDelegate.swift */; };
		938906721F3E86D400BBB88C /* TheTea.xcdatamodeld in Sources */ = {isa = PBXBuildFile; fileRef = 938906701F3E86D400BBB88C /* TheTea.xcdatamodeld */; };
		938906741F3E86D400BBB88C /* Assets.xcassets in Resources */ = {isa = PBXBuildFile; fileRef = 938906731F3E86D400BBB88C /* Assets.xcassets */; };
		938906771F3E86D400BBB88C /* LaunchScreen.storyboard in Resources */ = {isa = PBXBuildFile; fileRef = 938906751F3E86D400BBB88C /* LaunchScreen.storyboard */; };
		938906821F3E891900BBB88C /* EventListViewController.swift in Sources */ = {isa = PBXBuildFile; fileRef = 938906811F3E891900BBB88C /* EventListViewController.swift */; };
		938906841F3E8C5100BBB88C /* EventListTableViewCell.swift in Sources */ = {isa = PBXBuildFile; fileRef = 938906831F3E8C5100BBB88C /* EventListTableViewCell.swift */; };
		D7103DB81F85277D00399263 /* LoadingView.swift in Sources */ = {isa = PBXBuildFile; fileRef = D7103DB71F85277D00399263 /* LoadingView.swift */; };
		D7103DBA1F85278400399263 /* SegmentedControl.swift in Sources */ = {isa = PBXBuildFile; fileRef = D7103DB91F85278400399263 /* SegmentedControl.swift */; };
		D7103DBC1F85313C00399263 /* EventList.swift in Sources */ = {isa = PBXBuildFile; fileRef = D7103DBB1F85313C00399263 /* EventList.swift */; };
		D7103DBE1F8552AD00399263 /* EditMyAccountViewController.swift in Sources */ = {isa = PBXBuildFile; fileRef = D7103DBD1F8552AD00399263 /* EditMyAccountViewController.swift */; };
		D7103DC01F85543200399263 /* InputField.swift in Sources */ = {isa = PBXBuildFile; fileRef = D7103DBF1F85543200399263 /* InputField.swift */; };
		D7103DC21F85599300399263 /* AlertCTA.swift in Sources */ = {isa = PBXBuildFile; fileRef = D7103DC11F85599300399263 /* AlertCTA.swift */; };
		D72964DE1F72B9D800B83AF4 /* Bolts.framework in Frameworks */ = {isa = PBXBuildFile; fileRef = D72964DA1F72B9D800B83AF4 /* Bolts.framework */; };
		D72964DF1F72B9D800B83AF4 /* FBSDKCoreKit.framework in Frameworks */ = {isa = PBXBuildFile; fileRef = D72964DB1F72B9D800B83AF4 /* FBSDKCoreKit.framework */; };
		D72964E01F72B9D800B83AF4 /* FBSDKLoginKit.framework in Frameworks */ = {isa = PBXBuildFile; fileRef = D72964DC1F72B9D800B83AF4 /* FBSDKLoginKit.framework */; };
		D72964E11F72B9D800B83AF4 /* FBSDKShareKit.framework in Frameworks */ = {isa = PBXBuildFile; fileRef = D72964DD1F72B9D800B83AF4 /* FBSDKShareKit.framework */; };
		D739CD281F704D8800E3779B /* PrimaryCTA.swift in Sources */ = {isa = PBXBuildFile; fileRef = D739CD271F704D8800E3779B /* PrimaryCTA.swift */; };
		D739CD2A1F706D6F00E3779B /* Member+TTMethods.swift in Sources */ = {isa = PBXBuildFile; fileRef = D739CD291F706D6F00E3779B /* Member+TTMethods.swift */; };
		D739CD2C1F7171A400E3779B /* TopPanelView.swift in Sources */ = {isa = PBXBuildFile; fileRef = D739CD2B1F7171A400E3779B /* TopPanelView.swift */; };
/* End PBXBuildFile section */

/* Begin PBXFileReference section */
		9337C7721F4F3BEA00230829 /* StyleManager.swift */ = {isa = PBXFileReference; fileEncoding = 4; lastKnownFileType = sourcecode.swift; name = StyleManager.swift; path = Helpers/StyleManager.swift; sourceTree = "<group>"; };
		9337C7741F4F3CA400230829 /* UIColor+TheTea.swift */ = {isa = PBXFileReference; fileEncoding = 4; lastKnownFileType = sourcecode.swift; name = "UIColor+TheTea.swift"; path = "Helpers/UIColor+TheTea.swift"; sourceTree = "<group>"; };
		9337C7761F4F3F1400230829 /* UIFont+TheTea.swift */ = {isa = PBXFileReference; fileEncoding = 4; lastKnownFileType = sourcecode.swift; name = "UIFont+TheTea.swift"; path = "Helpers/UIFont+TheTea.swift"; sourceTree = "<group>"; };
		9337C7781F4F40EE00230829 /* SourceSansPro-Black.otf */ = {isa = PBXFileReference; lastKnownFileType = file; name = "SourceSansPro-Black.otf"; path = "Misc/SourceSansPro/SourceSansPro-Black.otf"; sourceTree = "<group>"; };
		9337C7791F4F40EE00230829 /* SourceSansPro-BlackIt.otf */ = {isa = PBXFileReference; lastKnownFileType = file; name = "SourceSansPro-BlackIt.otf"; path = "Misc/SourceSansPro/SourceSansPro-BlackIt.otf"; sourceTree = "<group>"; };
		9337C77A1F4F40EE00230829 /* SourceSansPro-Bold.otf */ = {isa = PBXFileReference; lastKnownFileType = file; name = "SourceSansPro-Bold.otf"; path = "Misc/SourceSansPro/SourceSansPro-Bold.otf"; sourceTree = "<group>"; };
		9337C77B1F4F40EE00230829 /* SourceSansPro-BoldIt.otf */ = {isa = PBXFileReference; lastKnownFileType = file; name = "SourceSansPro-BoldIt.otf"; path = "Misc/SourceSansPro/SourceSansPro-BoldIt.otf"; sourceTree = "<group>"; };
		9337C77C1F4F40EE00230829 /* SourceSansPro-ExtraLight.otf */ = {isa = PBXFileReference; lastKnownFileType = file; name = "SourceSansPro-ExtraLight.otf"; path = "Misc/SourceSansPro/SourceSansPro-ExtraLight.otf"; sourceTree = "<group>"; };
		9337C77D1F4F40EE00230829 /* SourceSansPro-ExtraLightIt.otf */ = {isa = PBXFileReference; lastKnownFileType = file; name = "SourceSansPro-ExtraLightIt.otf"; path = "Misc/SourceSansPro/SourceSansPro-ExtraLightIt.otf"; sourceTree = "<group>"; };
		9337C77E1F4F40EE00230829 /* SourceSansPro-It.otf */ = {isa = PBXFileReference; lastKnownFileType = file; name = "SourceSansPro-It.otf"; path = "Misc/SourceSansPro/SourceSansPro-It.otf"; sourceTree = "<group>"; };
		9337C77F1F4F40EE00230829 /* SourceSansPro-Light.otf */ = {isa = PBXFileReference; lastKnownFileType = file; name = "SourceSansPro-Light.otf"; path = "Misc/SourceSansPro/SourceSansPro-Light.otf"; sourceTree = "<group>"; };
		9337C7801F4F40EE00230829 /* SourceSansPro-LightIt.otf */ = {isa = PBXFileReference; lastKnownFileType = file; name = "SourceSansPro-LightIt.otf"; path = "Misc/SourceSansPro/SourceSansPro-LightIt.otf"; sourceTree = "<group>"; };
		9337C7811F4F40EE00230829 /* SourceSansPro-Regular.otf */ = {isa = PBXFileReference; lastKnownFileType = file; name = "SourceSansPro-Regular.otf"; path = "Misc/SourceSansPro/SourceSansPro-Regular.otf"; sourceTree = "<group>"; };
		9337C7821F4F40EE00230829 /* SourceSansPro-Semibold.otf */ = {isa = PBXFileReference; lastKnownFileType = file; name = "SourceSansPro-Semibold.otf"; path = "Misc/SourceSansPro/SourceSansPro-Semibold.otf"; sourceTree = "<group>"; };
		9337C7831F4F40EE00230829 /* SourceSansPro-SemiboldIt.otf */ = {isa = PBXFileReference; lastKnownFileType = file; name = "SourceSansPro-SemiboldIt.otf"; path = "Misc/SourceSansPro/SourceSansPro-SemiboldIt.otf"; sourceTree = "<group>"; };
		9337C7911F4F459A00230829 /* EventListHeaderView.swift */ = {isa = PBXFileReference; fileEncoding = 4; lastKnownFileType = sourcecode.swift; name = EventListHeaderView.swift; path = "Event List/EventListHeaderView.swift"; sourceTree = "<group>"; };
		933956E01F43E55200F1AEE4 /* LocationPickerViewController.swift */ = {isa = PBXFileReference; fileEncoding = 4; lastKnownFileType = sourcecode.swift; name = LocationPickerViewController.swift; path = "Event Detail/LocationPickerViewController.swift"; sourceTree = "<group>"; };
		933956E21F4400EB00F1AEE4 /* EventLocation.swift */ = {isa = PBXFileReference; fileEncoding = 4; lastKnownFileType = sourcecode.swift; name = EventLocation.swift; path = Data/EventLocation.swift; sourceTree = "<group>"; };
		933956E61F440EA600F1AEE4 /* MyAccountViewController.swift */ = {isa = PBXFileReference; fileEncoding = 4; lastKnownFileType = sourcecode.swift; name = MyAccountViewController.swift; path = Profile/MyAccountViewController.swift; sourceTree = "<group>"; };
		933956EA1F440EF600F1AEE4 /* LoginViewController.swift */ = {isa = PBXFileReference; fileEncoding = 4; lastKnownFileType = sourcecode.swift; name = LoginViewController.swift; path = Login/LoginViewController.swift; sourceTree = "<group>"; };
		93399AED1F40DB5900ED02E9 /* DateStringHelper.swift */ = {isa = PBXFileReference; fileEncoding = 4; lastKnownFileType = sourcecode.swift; name = DateStringHelper.swift; path = Helpers/DateStringHelper.swift; sourceTree = "<group>"; };
		93399AEF1F40DC2300ED02E9 /* EventDetailViewController.swift */ = {isa = PBXFileReference; fileEncoding = 4; lastKnownFileType = sourcecode.swift; name = EventDetailViewController.swift; path = "Event Detail/EventDetailViewController.swift"; sourceTree = "<group>"; };
		93399AF11F40E0A100ED02E9 /* MemberDataManager.swift */ = {isa = PBXFileReference; fileEncoding = 4; lastKnownFileType = sourcecode.swift; name = MemberDataManager.swift; path = "Data/Data Managers/MemberDataManager.swift"; sourceTree = "<group>"; };
		935A65901F3EA5B500E979E9 /* Event+TTMethods.swift */ = {isa = PBXFileReference; fileEncoding = 4; lastKnownFileType = sourcecode.swift; name = "Event+TTMethods.swift"; path = "Data/Event+TTMethods.swift"; sourceTree = "<group>"; };
		935A65941F3EA7C700E979E9 /* CoreDataManager.swift */ = {isa = PBXFileReference; fileEncoding = 4; lastKnownFileType = sourcecode.swift; name = CoreDataManager.swift; path = "Data/Data Managers/CoreDataManager.swift"; sourceTree = "<group>"; };
		935A65961F3EAC9400E979E9 /* EventManager.swift */ = {isa = PBXFileReference; fileEncoding = 4; lastKnownFileType = sourcecode.swift; name = EventManager.swift; path = "Data/Data Managers/EventManager.swift"; sourceTree = "<group>"; };
		935A65991F3EB30E00E979E9 /* EventEditViewController.swift */ = {isa = PBXFileReference; fileEncoding = 4; lastKnownFileType = sourcecode.swift; name = EventEditViewController.swift; path = "Event Detail/EventEditViewController.swift"; sourceTree = "<group>"; };
		938906661F3E86D400BBB88C /* TheTea.app */ = {isa = PBXFileReference; explicitFileType = wrapper.application; includeInIndex = 0; path = TheTea.app; sourceTree = BUILT_PRODUCTS_DIR; };
		938906691F3E86D400BBB88C /* AppDelegate.swift */ = {isa = PBXFileReference; lastKnownFileType = sourcecode.swift; path = AppDelegate.swift; sourceTree = "<group>"; };
		938906711F3E86D400BBB88C /* TheTea.xcdatamodel */ = {isa = PBXFileReference; lastKnownFileType = wrapper.xcdatamodel; path = TheTea.xcdatamodel; sourceTree = "<group>"; };
		938906731F3E86D400BBB88C /* Assets.xcassets */ = {isa = PBXFileReference; lastKnownFileType = folder.assetcatalog; path = Assets.xcassets; sourceTree = "<group>"; };
		938906761F3E86D400BBB88C /* Base */ = {isa = PBXFileReference; lastKnownFileType = file.storyboard; name = Base; path = Base.lproj/LaunchScreen.storyboard; sourceTree = "<group>"; };
		938906781F3E86D400BBB88C /* Info.plist */ = {isa = PBXFileReference; lastKnownFileType = text.plist.xml; path = Info.plist; sourceTree = "<group>"; };
		938906811F3E891900BBB88C /* EventListViewController.swift */ = {isa = PBXFileReference; fileEncoding = 4; lastKnownFileType = sourcecode.swift; name = EventListViewController.swift; path = "Event List/EventListViewController.swift"; sourceTree = "<group>"; };
		938906831F3E8C5100BBB88C /* EventListTableViewCell.swift */ = {isa = PBXFileReference; fileEncoding = 4; lastKnownFileType = sourcecode.swift; name = EventListTableViewCell.swift; path = "Event List/EventListTableViewCell.swift"; sourceTree = "<group>"; };
		D7103DB71F85277D00399263 /* LoadingView.swift */ = {isa = PBXFileReference; fileEncoding = 4; lastKnownFileType = sourcecode.swift; name = LoadingView.swift; path = "UI Elements/LoadingView.swift"; sourceTree = "<group>"; };
		D7103DB91F85278400399263 /* SegmentedControl.swift */ = {isa = PBXFileReference; fileEncoding = 4; lastKnownFileType = sourcecode.swift; name = SegmentedControl.swift; path = "UI Elements/SegmentedControl.swift"; sourceTree = "<group>"; };
		D7103DBB1F85313C00399263 /* EventList.swift */ = {isa = PBXFileReference; fileEncoding = 4; lastKnownFileType = sourcecode.swift; name = EventList.swift; path = Data/EventList.swift; sourceTree = "<group>"; };
		D7103DBD1F8552AD00399263 /* EditMyAccountViewController.swift */ = {isa = PBXFileReference; fileEncoding = 4; lastKnownFileType = sourcecode.swift; name = EditMyAccountViewController.swift; path = Profile/EditMyAccountViewController.swift; sourceTree = "<group>"; };
		D7103DBF1F85543200399263 /* InputField.swift */ = {isa = PBXFileReference; fileEncoding = 4; lastKnownFileType = sourcecode.swift; name = InputField.swift; path = "UI Elements/InputField.swift"; sourceTree = "<group>"; };
		D7103DC11F85599300399263 /* AlertCTA.swift */ = {isa = PBXFileReference; fileEncoding = 4; lastKnownFileType = sourcecode.swift; name = AlertCTA.swift; path = "UI Elements/AlertCTA.swift"; sourceTree = "<group>"; };
		D72964DA1F72B9D800B83AF4 /* Bolts.framework */ = {isa = PBXFileReference; lastKnownFileType = wrapper.framework; name = Bolts.framework; path = Frameworks/Facebook/Bolts.framework; sourceTree = "<group>"; };
		D72964DB1F72B9D800B83AF4 /* FBSDKCoreKit.framework */ = {isa = PBXFileReference; lastKnownFileType = wrapper.framework; name = FBSDKCoreKit.framework; path = Frameworks/Facebook/FBSDKCoreKit.framework; sourceTree = "<group>"; };
		D72964DC1F72B9D800B83AF4 /* FBSDKLoginKit.framework */ = {isa = PBXFileReference; lastKnownFileType = wrapper.framework; name = FBSDKLoginKit.framework; path = Frameworks/Facebook/FBSDKLoginKit.framework; sourceTree = "<group>"; };
		D72964DD1F72B9D800B83AF4 /* FBSDKShareKit.framework */ = {isa = PBXFileReference; lastKnownFileType = wrapper.framework; name = FBSDKShareKit.framework; path = Frameworks/Facebook/FBSDKShareKit.framework; sourceTree = "<group>"; };
		D739CD271F704D8800E3779B /* PrimaryCTA.swift */ = {isa = PBXFileReference; fileEncoding = 4; lastKnownFileType = sourcecode.swift; name = PrimaryCTA.swift; path = "UI Elements/PrimaryCTA.swift"; sourceTree = "<group>"; };
		D739CD291F706D6F00E3779B /* Member+TTMethods.swift */ = {isa = PBXFileReference; fileEncoding = 4; lastKnownFileType = sourcecode.swift; name = "Member+TTMethods.swift"; path = "Data/Member+TTMethods.swift"; sourceTree = "<group>"; };
		D739CD2B1F7171A400E3779B /* TopPanelView.swift */ = {isa = PBXFileReference; fileEncoding = 4; lastKnownFileType = sourcecode.swift; name = TopPanelView.swift; path = "UI Elements/TopPanelView.swift"; sourceTree = "<group>"; };
/* End PBXFileReference section */

/* Begin PBXFrameworksBuildPhase section */
		938906631F3E86D400BBB88C /* Frameworks */ = {
			isa = PBXFrameworksBuildPhase;
			buildActionMask = 2147483647;
			files = (
				D72964E11F72B9D800B83AF4 /* FBSDKShareKit.framework in Frameworks */,
				D72964DE1F72B9D800B83AF4 /* Bolts.framework in Frameworks */,
				D72964DF1F72B9D800B83AF4 /* FBSDKCoreKit.framework in Frameworks */,
				D72964E01F72B9D800B83AF4 /* FBSDKLoginKit.framework in Frameworks */,
			);
			runOnlyForDeploymentPostprocessing = 0;
		};
/* End PBXFrameworksBuildPhase section */

/* Begin PBXGroup section */
		9337C76F1F4F3A0D00230829 /* Misc */ = {
			isa = PBXGroup;
			children = (
				9337C7901F4F40FC00230829 /* SourceSans */,
				938906731F3E86D400BBB88C /* Assets.xcassets */,
				938906751F3E86D400BBB88C /* LaunchScreen.storyboard */,
				938906781F3E86D400BBB88C /* Info.plist */,
				938906701F3E86D400BBB88C /* TheTea.xcdatamodeld */,
			);
			name = Misc;
			sourceTree = "<group>";
		};
		9337C7901F4F40FC00230829 /* SourceSans */ = {
			isa = PBXGroup;
			children = (
				9337C7781F4F40EE00230829 /* SourceSansPro-Black.otf */,
				9337C7791F4F40EE00230829 /* SourceSansPro-BlackIt.otf */,
				9337C77A1F4F40EE00230829 /* SourceSansPro-Bold.otf */,
				9337C77B1F4F40EE00230829 /* SourceSansPro-BoldIt.otf */,
				9337C77C1F4F40EE00230829 /* SourceSansPro-ExtraLight.otf */,
				9337C77D1F4F40EE00230829 /* SourceSansPro-ExtraLightIt.otf */,
				9337C77E1F4F40EE00230829 /* SourceSansPro-It.otf */,
				9337C77F1F4F40EE00230829 /* SourceSansPro-Light.otf */,
				9337C7801F4F40EE00230829 /* SourceSansPro-LightIt.otf */,
				9337C7811F4F40EE00230829 /* SourceSansPro-Regular.otf */,
				9337C7821F4F40EE00230829 /* SourceSansPro-Semibold.otf */,
				9337C7831F4F40EE00230829 /* SourceSansPro-SemiboldIt.otf */,
			);
			name = SourceSans;
			sourceTree = "<group>";
		};
		933956E41F440E3A00F1AEE4 /* Login */ = {
			isa = PBXGroup;
			children = (
				933956EA1F440EF600F1AEE4 /* LoginViewController.swift */,
			);
			name = Login;
			sourceTree = "<group>";
		};
		933956E51F440E6000F1AEE4 /* Profile */ = {
			isa = PBXGroup;
			children = (
				933956E61F440EA600F1AEE4 /* MyAccountViewController.swift */,
				D7103DBD1F8552AD00399263 /* EditMyAccountViewController.swift */,
			);
			name = Profile;
			sourceTree = "<group>";
		};
		93399AEC1F40DB2800ED02E9 /* Helpers */ = {
			isa = PBXGroup;
			children = (
				93399AED1F40DB5900ED02E9 /* DateStringHelper.swift */,
				9337C7721F4F3BEA00230829 /* StyleManager.swift */,
				9337C7741F4F3CA400230829 /* UIColor+TheTea.swift */,
				9337C7761F4F3F1400230829 /* UIFont+TheTea.swift */,
			);
			name = Helpers;
			sourceTree = "<group>";
		};
		935A65861F3EA4FE00E979E9 /* Data */ = {
			isa = PBXGroup;
			children = (
				935A65931F3EA79400E979E9 /* Data Mangers */,
				935A65901F3EA5B500E979E9 /* Event+TTMethods.swift */,
				D739CD291F706D6F00E3779B /* Member+TTMethods.swift */,
				933956E21F4400EB00F1AEE4 /* EventLocation.swift */,
				D7103DBB1F85313C00399263 /* EventList.swift */,
			);
			name = Data;
			sourceTree = "<group>";
		};
		935A65931F3EA79400E979E9 /* Data Mangers */ = {
			isa = PBXGroup;
			children = (
				935A65941F3EA7C700E979E9 /* CoreDataManager.swift */,
				935A65961F3EAC9400E979E9 /* EventManager.swift */,
				93399AF11F40E0A100ED02E9 /* MemberDataManager.swift */,
			);
			name = "Data Mangers";
			sourceTree = "<group>";
		};
		935A65981F3EB2C700E979E9 /* Event Detail */ = {
			isa = PBXGroup;
			children = (
				935A65991F3EB30E00E979E9 /* EventEditViewController.swift */,
				933956E01F43E55200F1AEE4 /* LocationPickerViewController.swift */,
				93399AEF1F40DC2300ED02E9 /* EventDetailViewController.swift */,
			);
			name = "Event Detail";
			sourceTree = "<group>";
		};
		935A659B1F3ECA1100E979E9 /* UI Elements */ = {
			isa = PBXGroup;
			children = (
				D739CD271F704D8800E3779B /* PrimaryCTA.swift */,
				D7103DC11F85599300399263 /* AlertCTA.swift */,
				D739CD2B1F7171A400E3779B /* TopPanelView.swift */,
				D7103DB71F85277D00399263 /* LoadingView.swift */,
				D7103DB91F85278400399263 /* SegmentedControl.swift */,
				D7103DBF1F85543200399263 /* InputField.swift */,
			);
			name = "UI Elements";
			sourceTree = "<group>";
		};
		9389065D1F3E86D400BBB88C = {
			isa = PBXGroup;
			children = (
				938906681F3E86D400BBB88C /* TheTea */,
				938906671F3E86D400BBB88C /* Products */,
			);
			sourceTree = "<group>";
		};
		938906671F3E86D400BBB88C /* Products */ = {
			isa = PBXGroup;
			children = (
				938906661F3E86D400BBB88C /* TheTea.app */,
			);
			name = Products;
			sourceTree = "<group>";
		};
		938906681F3E86D400BBB88C /* TheTea */ = {
			isa = PBXGroup;
			children = (
				938906691F3E86D400BBB88C /* AppDelegate.swift */,
				93399AEC1F40DB2800ED02E9 /* Helpers */,
				935A659B1F3ECA1100E979E9 /* UI Elements */,
				935A65861F3EA4FE00E979E9 /* Data */,
				933956E51F440E6000F1AEE4 /* Profile */,
				933956E41F440E3A00F1AEE4 /* Login */,
				9389067E1F3E88D400BBB88C /* Event List */,
				935A65981F3EB2C700E979E9 /* Event Detail */,
				9337C76F1F4F3A0D00230829 /* Misc */,
				D72964D81F72B9B400B83AF4 /* Frameworks */,
			);
			path = TheTea;
			sourceTree = "<group>";
		};
		9389067E1F3E88D400BBB88C /* Event List */ = {
			isa = PBXGroup;
			children = (
				938906811F3E891900BBB88C /* EventListViewController.swift */,
				9337C7911F4F459A00230829 /* EventListHeaderView.swift */,
				938906831F3E8C5100BBB88C /* EventListTableViewCell.swift */,
			);
			name = "Event List";
			sourceTree = "<group>";
		};
		D72964D81F72B9B400B83AF4 /* Frameworks */ = {
			isa = PBXGroup;
			children = (
				D72964D91F72B9C600B83AF4 /* Facebook */,
			);
			name = Frameworks;
			sourceTree = "<group>";
		};
		D72964D91F72B9C600B83AF4 /* Facebook */ = {
			isa = PBXGroup;
			children = (
				D72964DA1F72B9D800B83AF4 /* Bolts.framework */,
				D72964DB1F72B9D800B83AF4 /* FBSDKCoreKit.framework */,
				D72964DC1F72B9D800B83AF4 /* FBSDKLoginKit.framework */,
				D72964DD1F72B9D800B83AF4 /* FBSDKShareKit.framework */,
			);
			name = Facebook;
			sourceTree = "<group>";
		};
/* End PBXGroup section */

/* Begin PBXNativeTarget section */
		938906651F3E86D400BBB88C /* TheTea */ = {
			isa = PBXNativeTarget;
			buildConfigurationList = 9389067B1F3E86D400BBB88C /* Build configuration list for PBXNativeTarget "TheTea" */;
			buildPhases = (
				938906621F3E86D400BBB88C /* Sources */,
				938906631F3E86D400BBB88C /* Frameworks */,
				938906641F3E86D400BBB88C /* Resources */,
			);
			buildRules = (
			);
			dependencies = (
			);
			name = TheTea;
			productName = TheTea;
			productReference = 938906661F3E86D400BBB88C /* TheTea.app */;
			productType = "com.apple.product-type.application";
		};
/* End PBXNativeTarget section */

/* Begin PBXProject section */
		9389065E1F3E86D400BBB88C /* Project object */ = {
			isa = PBXProject;
			attributes = {
				LastSwiftUpdateCheck = 0830;
				LastUpgradeCheck = 0830;
				ORGANIZATIONNAME = "The Tea LLC";
				TargetAttributes = {
					938906651F3E86D400BBB88C = {
						CreatedOnToolsVersion = 8.3.3;
						ProvisioningStyle = Automatic;
					};
				};
			};
			buildConfigurationList = 938906611F3E86D400BBB88C /* Build configuration list for PBXProject "TheTea" */;
			compatibilityVersion = "Xcode 3.2";
			developmentRegion = English;
			hasScannedForEncodings = 0;
			knownRegions = (
				en,
				Base,
			);
			mainGroup = 9389065D1F3E86D400BBB88C;
			productRefGroup = 938906671F3E86D400BBB88C /* Products */;
			projectDirPath = "";
			projectRoot = "";
			targets = (
				938906651F3E86D400BBB88C /* TheTea */,
			);
		};
/* End PBXProject section */

/* Begin PBXResourcesBuildPhase section */
		938906641F3E86D400BBB88C /* Resources */ = {
			isa = PBXResourcesBuildPhase;
			buildActionMask = 2147483647;
			files = (
				9337C78E1F4F40EE00230829 /* SourceSansPro-Semibold.otf in Resources */,
				9337C78A1F4F40EE00230829 /* SourceSansPro-It.otf in Resources */,
				938906771F3E86D400BBB88C /* LaunchScreen.storyboard in Resources */,
				9337C78F1F4F40EE00230829 /* SourceSansPro-SemiboldIt.otf in Resources */,
				9337C78D1F4F40EE00230829 /* SourceSansPro-Regular.otf in Resources */,
				9337C7871F4F40EE00230829 /* SourceSansPro-BoldIt.otf in Resources */,
				9337C7891F4F40EE00230829 /* SourceSansPro-ExtraLightIt.otf in Resources */,
				9337C7881F4F40EE00230829 /* SourceSansPro-ExtraLight.otf in Resources */,
				938906741F3E86D400BBB88C /* Assets.xcassets in Resources */,
				9337C7841F4F40EE00230829 /* SourceSansPro-Black.otf in Resources */,
				9337C78B1F4F40EE00230829 /* SourceSansPro-Light.otf in Resources */,
				9337C78C1F4F40EE00230829 /* SourceSansPro-LightIt.otf in Resources */,
				9337C7861F4F40EE00230829 /* SourceSansPro-Bold.otf in Resources */,
				9337C7851F4F40EE00230829 /* SourceSansPro-BlackIt.otf in Resources */,
			);
			runOnlyForDeploymentPostprocessing = 0;
		};
/* End PBXResourcesBuildPhase section */

/* Begin PBXSourcesBuildPhase section */
		938906621F3E86D400BBB88C /* Sources */ = {
			isa = PBXSourcesBuildPhase;
			buildActionMask = 2147483647;
			files = (
				935A65971F3EAC9400E979E9 /* EventManager.swift in Sources */,
				935A65951F3EA7C700E979E9 /* CoreDataManager.swift in Sources */,
				D7103DC01F85543200399263 /* InputField.swift in Sources */,
				9337C7921F4F459A00230829 /* EventListHeaderView.swift in Sources */,
				9337C7731F4F3BEA00230829 /* StyleManager.swift in Sources */,
				D7103DC21F85599300399263 /* AlertCTA.swift in Sources */,
				935A65921F3EA5B500E979E9 /* Event+TTMethods.swift in Sources */,
				938906841F3E8C5100BBB88C /* EventListTableViewCell.swift in Sources */,
				9337C7771F4F3F1400230829 /* UIFont+TheTea.swift in Sources */,
				93399AEE1F40DB5900ED02E9 /* DateStringHelper.swift in Sources */,
				938906721F3E86D400BBB88C /* TheTea.xcdatamodeld in Sources */,
				D739CD281F704D8800E3779B /* PrimaryCTA.swift in Sources */,
				D739CD2A1F706D6F00E3779B /* Member+TTMethods.swift in Sources */,
				D739CD2C1F7171A400E3779B /* TopPanelView.swift in Sources */,
				93399AF01F40DC2300ED02E9 /* EventDetailViewController.swift in Sources */,
				9337C7751F4F3CA400230829 /* UIColor+TheTea.swift in Sources */,
				933956E11F43E55200F1AEE4 /* LocationPickerViewController.swift in Sources */,
				933956E31F4400EB00F1AEE4 /* EventLocation.swift in Sources */,
				938906821F3E891900BBB88C /* EventListViewController.swift in Sources */,
				933956E71F440EA600F1AEE4 /* MyAccountViewController.swift in Sources */,
				D7103DBE1F8552AD00399263 /* EditMyAccountViewController.swift in Sources */,
				933956EB1F440EF600F1AEE4 /* LoginViewController.swift in Sources */,
				9389066A1F3E86D400BBB88C /* AppDelegate.swift in Sources */,
				935A659A1F3EB30E00E979E9 /* EventEditViewController.swift in Sources */,
				93399AF21F40E0A100ED02E9 /* MemberDataManager.swift in Sources */,
				D7103DBA1F85278400399263 /* SegmentedControl.swift in Sources */,
				D7103DBC1F85313C00399263 /* EventList.swift in Sources */,
				D7103DB81F85277D00399263 /* LoadingView.swift in Sources */,
			);
			runOnlyForDeploymentPostprocessing = 0;
		};
/* End PBXSourcesBuildPhase section */

/* Begin PBXVariantGroup section */
		938906751F3E86D400BBB88C /* LaunchScreen.storyboard */ = {
			isa = PBXVariantGroup;
			children = (
				938906761F3E86D400BBB88C /* Base */,
			);
			name = LaunchScreen.storyboard;
			sourceTree = "<group>";
		};
/* End PBXVariantGroup section */

/* Begin XCBuildConfiguration section */
		938906791F3E86D400BBB88C /* Debug */ = {
			isa = XCBuildConfiguration;
			buildSettings = {
				ALWAYS_SEARCH_USER_PATHS = NO;
				CLANG_ANALYZER_NONNULL = YES;
				CLANG_ANALYZER_NUMBER_OBJECT_CONVERSION = YES_AGGRESSIVE;
				CLANG_CXX_LANGUAGE_STANDARD = "gnu++0x";
				CLANG_CXX_LIBRARY = "libc++";
				CLANG_ENABLE_MODULES = YES;
				CLANG_ENABLE_OBJC_ARC = YES;
				CLANG_WARN_BOOL_CONVERSION = YES;
				CLANG_WARN_CONSTANT_CONVERSION = YES;
				CLANG_WARN_DIRECT_OBJC_ISA_USAGE = YES_ERROR;
				CLANG_WARN_DOCUMENTATION_COMMENTS = YES;
				CLANG_WARN_EMPTY_BODY = YES;
				CLANG_WARN_ENUM_CONVERSION = YES;
				CLANG_WARN_INFINITE_RECURSION = YES;
				CLANG_WARN_INT_CONVERSION = YES;
				CLANG_WARN_OBJC_ROOT_CLASS = YES_ERROR;
				CLANG_WARN_SUSPICIOUS_MOVE = YES;
				CLANG_WARN_UNREACHABLE_CODE = YES;
				CLANG_WARN__DUPLICATE_METHOD_MATCH = YES;
				"CODE_SIGN_IDENTITY[sdk=iphoneos*]" = "iPhone Developer";
				COPY_PHASE_STRIP = NO;
				DEBUG_INFORMATION_FORMAT = dwarf;
				ENABLE_STRICT_OBJC_MSGSEND = YES;
				ENABLE_TESTABILITY = YES;
				GCC_C_LANGUAGE_STANDARD = gnu99;
				GCC_DYNAMIC_NO_PIC = NO;
				GCC_NO_COMMON_BLOCKS = YES;
				GCC_OPTIMIZATION_LEVEL = 0;
				GCC_PREPROCESSOR_DEFINITIONS = (
					"DEBUG=1",
					"$(inherited)",
				);
				GCC_WARN_64_TO_32_BIT_CONVERSION = YES;
				GCC_WARN_ABOUT_RETURN_TYPE = YES_ERROR;
				GCC_WARN_UNDECLARED_SELECTOR = YES;
				GCC_WARN_UNINITIALIZED_AUTOS = YES_AGGRESSIVE;
				GCC_WARN_UNUSED_FUNCTION = YES;
				GCC_WARN_UNUSED_VARIABLE = YES;
				IPHONEOS_DEPLOYMENT_TARGET = 10.3;
				MTL_ENABLE_DEBUG_INFO = YES;
				ONLY_ACTIVE_ARCH = YES;
				SDKROOT = iphoneos;
				SWIFT_ACTIVE_COMPILATION_CONDITIONS = DEBUG;
				SWIFT_OPTIMIZATION_LEVEL = "-Onone";
			};
			name = Debug;
		};
		9389067A1F3E86D400BBB88C /* Release */ = {
			isa = XCBuildConfiguration;
			buildSettings = {
				ALWAYS_SEARCH_USER_PATHS = NO;
				CLANG_ANALYZER_NONNULL = YES;
				CLANG_ANALYZER_NUMBER_OBJECT_CONVERSION = YES_AGGRESSIVE;
				CLANG_CXX_LANGUAGE_STANDARD = "gnu++0x";
				CLANG_CXX_LIBRARY = "libc++";
				CLANG_ENABLE_MODULES = YES;
				CLANG_ENABLE_OBJC_ARC = YES;
				CLANG_WARN_BOOL_CONVERSION = YES;
				CLANG_WARN_CONSTANT_CONVERSION = YES;
				CLANG_WARN_DIRECT_OBJC_ISA_USAGE = YES_ERROR;
				CLANG_WARN_DOCUMENTATION_COMMENTS = YES;
				CLANG_WARN_EMPTY_BODY = YES;
				CLANG_WARN_ENUM_CONVERSION = YES;
				CLANG_WARN_INFINITE_RECURSION = YES;
				CLANG_WARN_INT_CONVERSION = YES;
				CLANG_WARN_OBJC_ROOT_CLASS = YES_ERROR;
				CLANG_WARN_SUSPICIOUS_MOVE = YES;
				CLANG_WARN_UNREACHABLE_CODE = YES;
				CLANG_WARN__DUPLICATE_METHOD_MATCH = YES;
				"CODE_SIGN_IDENTITY[sdk=iphoneos*]" = "iPhone Developer";
				COPY_PHASE_STRIP = NO;
				DEBUG_INFORMATION_FORMAT = "dwarf-with-dsym";
				ENABLE_NS_ASSERTIONS = NO;
				ENABLE_STRICT_OBJC_MSGSEND = YES;
				GCC_C_LANGUAGE_STANDARD = gnu99;
				GCC_NO_COMMON_BLOCKS = YES;
				GCC_WARN_64_TO_32_BIT_CONVERSION = YES;
				GCC_WARN_ABOUT_RETURN_TYPE = YES_ERROR;
				GCC_WARN_UNDECLARED_SELECTOR = YES;
				GCC_WARN_UNINITIALIZED_AUTOS = YES_AGGRESSIVE;
				GCC_WARN_UNUSED_FUNCTION = YES;
				GCC_WARN_UNUSED_VARIABLE = YES;
				IPHONEOS_DEPLOYMENT_TARGET = 10.3;
				MTL_ENABLE_DEBUG_INFO = NO;
				SDKROOT = iphoneos;
				SWIFT_OPTIMIZATION_LEVEL = "-Owholemodule";
				VALIDATE_PRODUCT = YES;
			};
			name = Release;
		};
		9389067C1F3E86D400BBB88C /* Debug */ = {
			isa = XCBuildConfiguration;
			buildSettings = {
				ASSETCATALOG_COMPILER_APPICON_NAME = AppIcon;
				FRAMEWORK_SEARCH_PATHS = (
					"$(inherited)",
					"$(PROJECT_DIR)/TheTea/Frameworks/Facebook",
				);
				INFOPLIST_FILE = TheTea/Info.plist;
				LD_RUNPATH_SEARCH_PATHS = "$(inherited) @executable_path/Frameworks";
				PRODUCT_BUNDLE_IDENTIFIER = "The-Tea-LLC.TheTea";
				PRODUCT_NAME = "$(TARGET_NAME)";
				SWIFT_VERSION = 3.0;
			};
			name = Debug;
		};
		9389067D1F3E86D400BBB88C /* Release */ = {
			isa = XCBuildConfiguration;
			buildSettings = {
				ASSETCATALOG_COMPILER_APPICON_NAME = AppIcon;
				FRAMEWORK_SEARCH_PATHS = (
					"$(inherited)",
					"$(PROJECT_DIR)/TheTea/Frameworks/Facebook",
				);
				INFOPLIST_FILE = TheTea/Info.plist;
				LD_RUNPATH_SEARCH_PATHS = "$(inherited) @executable_path/Frameworks";
				PRODUCT_BUNDLE_IDENTIFIER = "The-Tea-LLC.TheTea";
				PRODUCT_NAME = "$(TARGET_NAME)";
				SWIFT_VERSION = 3.0;
			};
			name = Release;
		};
/* End XCBuildConfiguration section */

/* Begin XCConfigurationList section */
		938906611F3E86D400BBB88C /* Build configuration list for PBXProject "TheTea" */ = {
			isa = XCConfigurationList;
			buildConfigurations = (
				938906791F3E86D400BBB88C /* Debug */,
				9389067A1F3E86D400BBB88C /* Release */,
			);
			defaultConfigurationIsVisible = 0;
			defaultConfigurationName = Release;
		};
		9389067B1F3E86D400BBB88C /* Build configuration list for PBXNativeTarget "TheTea" */ = {
			isa = XCConfigurationList;
			buildConfigurations = (
				9389067C1F3E86D400BBB88C /* Debug */,
				9389067D1F3E86D400BBB88C /* Release */,
			);
			defaultConfigurationIsVisible = 0;
			defaultConfigurationName = Release;
		};
/* End XCConfigurationList section */

/* Begin XCVersionGroup section */
		938906701F3E86D400BBB88C /* TheTea.xcdatamodeld */ = {
			isa = XCVersionGroup;
			children = (
				938906711F3E86D400BBB88C /* TheTea.xcdatamodel */,
			);
			currentVersion = 938906711F3E86D400BBB88C /* TheTea.xcdatamodel */;
			path = TheTea.xcdatamodeld;
			sourceTree = "<group>";
			versionGroupType = wrapper.xcdatamodel;
		};
/* End XCVersionGroup section */
	};
	rootObject = 9389065E1F3E86D400BBB88C /* Project object */;
}
